
Microsoft Visual Studio Solution File, Format Version 12.00
# Visual Studio Version 17
VisualStudioVersion = 17.2.32505.173
MinimumVisualStudioVersion = 10.0.40219.1
Project("{9A19103F-16F7-4668-BE54-9A1E7A4F7556}") = "Assignment1Calculator", "Assignment1Calculator\Assignment1Calculator.csproj", "{0CEBEB22-9C69-4FC2-A2E7-C511173EBB7F}"
EndProject
Project("{FAE04EC0-301F-11D3-BF4B-00C04F79EFBC}") = "Assignment1Calculator.Tests", "Assignment1Calculator.Tests\Assignment1Calculator.Tests.csproj", "{A4282D45-60EA-489C-B310-B766EFD56E50}"
EndProject
Global
	GlobalSection(SolutionConfigurationPlatforms) = preSolution
		Debug|Any CPU = Debug|Any CPU
		Release|Any CPU = Release|Any CPU
	EndGlobalSection
	GlobalSection(ProjectConfigurationPlatforms) = postSolution
		{0CEBEB22-9C69-4FC2-A2E7-C511173EBB7F}.Debug|Any CPU.ActiveCfg = Debug|Any CPU
		{0CEBEB22-9C69-4FC2-A2E7-C511173EBB7F}.Debug|Any CPU.Build.0 = Debug|Any CPU
		{0CEBEB22-9C69-4FC2-A2E7-C511173EBB7F}.Release|Any CPU.ActiveCfg = Release|Any CPU
		{0CEBEB22-9C69-4FC2-A2E7-C511173EBB7F}.Release|Any CPU.Build.0 = Release|Any CPU
		{A4282D45-60EA-489C-B310-B766EFD56E50}.Debug|Any CPU.ActiveCfg = Debug|Any CPU
		{A4282D45-60EA-489C-B310-B766EFD56E50}.Debug|Any CPU.Build.0 = Debug|Any CPU
		{A4282D45-60EA-489C-B310-B766EFD56E50}.Release|Any CPU.ActiveCfg = Release|Any CPU
		{A4282D45-60EA-489C-B310-B766EFD56E50}.Release|Any CPU.Build.0 = Release|Any CPU
	EndGlobalSection
	GlobalSection(SolutionProperties) = preSolution
		HideSolutionNode = FALSE
	EndGlobalSection
	GlobalSection(ExtensibilityGlobals) = postSolution
		SolutionGuid = {D336BD2B-9607-41C0-BE58-823124D996AA}
	EndGlobalSection
EndGlobal
